
Microsoft Visual Studio Solution File, Format Version 12.00
# Visual Studio Version 17
VisualStudioVersion = 17.0.32002.185
MinimumVisualStudioVersion = 10.0.40219.1
Project("{FAE04EC0-301F-11D3-BF4B-00C04F79EFBC}") = "WpfApp1", "WpfApp1\WpfApp1.csproj", "{84C3F1CF-0FE7-4EE2-A0F5-CCA13543CC74}"
EndProject
Global
	GlobalSection(SolutionConfigurationPlatforms) = preSolution
		Debug|Any CPU = Debug|Any CPU
		Release|Any CPU = Release|Any CPU
	EndGlobalSection
	GlobalSection(ProjectConfigurationPlatforms) = postSolution
		{84C3F1CF-0FE7-4EE2-A0F5-CCA13543CC74}.Debug|Any CPU.ActiveCfg = Debug|Any CPU
		{84C3F1CF-0FE7-4EE2-A0F5-CCA13543CC74}.Debug|Any CPU.Build.0 = Debug|Any CPU
		{84C3F1CF-0FE7-4EE2-A0F5-CCA13543CC74}.Release|Any CPU.ActiveCfg = Release|Any CPU
		{84C3F1CF-0FE7-4EE2-A0F5-CCA13543CC74}.Release|Any CPU.Build.0 = Release|Any CPU
	EndGlobalSection
	GlobalSection(SolutionProperties) = preSolution
		HideSolutionNode = FALSE
	EndGlobalSection
	GlobalSection(ExtensibilityGlobals) = postSolution
		SolutionGuid = {7284BD83-0A23-4FF5-BCBB-EBE24C1D0F6C}
	EndGlobalSection
EndGlobal
